
Microsoft Visual Studio Solution File, Format Version 12.00
# Visual Studio 15
VisualStudioVersion = 15.0.27703.2042
MinimumVisualStudioVersion = 10.0.40219.1
Project("{9A19103F-16F7-4668-BE54-9A1E7A4F7556}") = "ZfsSharpLib", "ZfsSharpLib\ZfsSharpLib.csproj", "{6A0F1BE1-B663-4A9C-B57F-40602A5B221A}"
EndProject
Project("{9A19103F-16F7-4668-BE54-9A1E7A4F7556}") = "ZfsSharp", "ZfsSharp\ZfsSharp.csproj", "{2927DC5D-C5E3-4556-875C-C54BD77E052F}"
EndProject
Project("{9A19103F-16F7-4668-BE54-9A1E7A4F7556}") = "ZfsDokan", "ZfsDokan\ZfsDokan.csproj", "{DE824396-0149-4CC2-B5DF-E496EEFACE97}"
EndProject
Global
	GlobalSection(SolutionConfigurationPlatforms) = preSolution
		Debug|x64 = Debug|x64
		Release|x64 = Release|x64
	EndGlobalSection
	GlobalSection(ProjectConfigurationPlatforms) = postSolution
		{6A0F1BE1-B663-4A9C-B57F-40602A5B221A}.Debug|x64.ActiveCfg = Debug|Any CPU
		{6A0F1BE1-B663-4A9C-B57F-40602A5B221A}.Debug|x64.Build.0 = Debug|Any CPU
		{6A0F1BE1-B663-4A9C-B57F-40602A5B221A}.Release|x64.ActiveCfg = Release|Any CPU
		{6A0F1BE1-B663-4A9C-B57F-40602A5B221A}.Release|x64.Build.0 = Release|Any CPU
		{2927DC5D-C5E3-4556-875C-C54BD77E052F}.Debug|x64.ActiveCfg = Debug|Any CPU
		{2927DC5D-C5E3-4556-875C-C54BD77E052F}.Debug|x64.Build.0 = Debug|Any CPU
		{2927DC5D-C5E3-4556-875C-C54BD77E052F}.Release|x64.ActiveCfg = Release|Any CPU
		{2927DC5D-C5E3-4556-875C-C54BD77E052F}.Release|x64.Build.0 = Release|Any CPU
		{DE824396-0149-4CC2-B5DF-E496EEFACE97}.Debug|x64.ActiveCfg = Debug|Any CPU
		{DE824396-0149-4CC2-B5DF-E496EEFACE97}.Debug|x64.Build.0 = Debug|Any CPU
		{DE824396-0149-4CC2-B5DF-E496EEFACE97}.Release|x64.ActiveCfg = Release|Any CPU
		{DE824396-0149-4CC2-B5DF-E496EEFACE97}.Release|x64.Build.0 = Release|Any CPU
	EndGlobalSection
	GlobalSection(SolutionProperties) = preSolution
		HideSolutionNode = FALSE
	EndGlobalSection
	GlobalSection(ExtensibilityGlobals) = postSolution
		SolutionGuid = {D6D77C51-8677-402C-A63B-F7E96FFA9BD3}
	EndGlobalSection
	GlobalSection(Performance) = preSolution
		HasPerformanceSessions = true
	EndGlobalSection
EndGlobal
